
Microsoft Visual Studio Solution File, Format Version 12.00
# Visual Studio Version 17
VisualStudioVersion = 17.5.002.0
MinimumVisualStudioVersion = 10.0.40219.1
Project("{2150E333-8FDC-42A3-9474-1A3956D46DE8}") = "Projects", "Projects", "{DDA92ECF-EC59-4B19-AE18-74D5C0CF718D}"
EndProject
Project("{9A19103F-16F7-4668-BE54-9A1E7A4F7556}") = "MovieWasm", "Projects\MovieWasm\MovieWasm.csproj", "{0BD37FB5-90E1-4B15-830D-48552BD2EB9F}"
EndProject
Project("{9A19103F-16F7-4668-BE54-9A1E7A4F7556}") = "MovieWeb", "Projects\MovieWeb\MovieWeb.csproj", "{D5C6E912-58FB-4607-A826-B2B5003EB46E}"
EndProject
Global
	GlobalSection(SolutionConfigurationPlatforms) = preSolution
		Debug|Any CPU = Debug|Any CPU
		Release|Any CPU = Release|Any CPU
	EndGlobalSection
	GlobalSection(ProjectConfigurationPlatforms) = postSolution
		{0BD37FB5-90E1-4B15-830D-48552BD2EB9F}.Debug|Any CPU.ActiveCfg = Debug|Any CPU
		{0BD37FB5-90E1-4B15-830D-48552BD2EB9F}.Debug|Any CPU.Build.0 = Debug|Any CPU
		{0BD37FB5-90E1-4B15-830D-48552BD2EB9F}.Release|Any CPU.ActiveCfg = Release|Any CPU
		{0BD37FB5-90E1-4B15-830D-48552BD2EB9F}.Release|Any CPU.Build.0 = Release|Any CPU
		{D5C6E912-58FB-4607-A826-B2B5003EB46E}.Debug|Any CPU.ActiveCfg = Debug|Any CPU
		{D5C6E912-58FB-4607-A826-B2B5003EB46E}.Debug|Any CPU.Build.0 = Debug|Any CPU
		{D5C6E912-58FB-4607-A826-B2B5003EB46E}.Release|Any CPU.ActiveCfg = Release|Any CPU
		{D5C6E912-58FB-4607-A826-B2B5003EB46E}.Release|Any CPU.Build.0 = Release|Any CPU
	EndGlobalSection
	GlobalSection(SolutionProperties) = preSolution
		HideSolutionNode = FALSE
	EndGlobalSection
	GlobalSection(NestedProjects) = preSolution
		{0BD37FB5-90E1-4B15-830D-48552BD2EB9F} = {DDA92ECF-EC59-4B19-AE18-74D5C0CF718D}
		{D5C6E912-58FB-4607-A826-B2B5003EB46E} = {DDA92ECF-EC59-4B19-AE18-74D5C0CF718D}
	EndGlobalSection
	GlobalSection(ExtensibilityGlobals) = postSolution
		SolutionGuid = {F1E9C249-7193-4571-A161-3A3C9119ADD3}
	EndGlobalSection
EndGlobal
